// !$*UTF8*$!
{
	archiveVersion = 1;
	classes = {
	};
	objectVersion = 50;
	objects = {

/* Begin PBXBuildFile section */
		3BAE015E2174AF13000AAD5D /* AppDelegate.swift in Sources */ = {isa = PBXBuildFile; fileRef = 3BAE015D2174AF13000AAD5D /* AppDelegate.swift */; };
		3BAE01602174AF13000AAD5D /* ViewController.swift in Sources */ = {isa = PBXBuildFile; fileRef = 3BAE015F2174AF13000AAD5D /* ViewController.swift */; };
		3BAE01632174AF13000AAD5D /* Main.storyboard in Resources */ = {isa = PBXBuildFile; fileRef = 3BAE01612174AF13000AAD5D /* Main.storyboard */; };
		3BAE01652174AF14000AAD5D /* Assets.xcassets in Resources */ = {isa = PBXBuildFile; fileRef = 3BAE01642174AF14000AAD5D /* Assets.xcassets */; };
		3BAE01682174AF14000AAD5D /* LaunchScreen.storyboard in Resources */ = {isa = PBXBuildFile; fileRef = 3BAE01662174AF14000AAD5D /* LaunchScreen.storyboard */; };
		3BAE01722174B89E000AAD5D /* ServerRequest.swift in Sources */ = {isa = PBXBuildFile; fileRef = 3BAE01712174B89E000AAD5D /* ServerRequest.swift */; };
		3BAE01742174B9D0000AAD5D /* UserRequest.swift in Sources */ = {isa = PBXBuildFile; fileRef = 3BAE01732174B9D0000AAD5D /* UserRequest.swift */; };
		3BAE01782174BAA0000AAD5D /* UpdateUserRequest.swift in Sources */ = {isa = PBXBuildFile; fileRef = 3BAE01772174BAA0000AAD5D /* UpdateUserRequest.swift */; };
		3BAE017B2174BB92000AAD5D /* User.swift in Sources */ = {isa = PBXBuildFile; fileRef = 3BAE017A2174BB92000AAD5D /* User.swift */; };
		FBF57A1B9E0BB6C26E92E767 /* Pods_Test_App.framework in Frameworks */ = {isa = PBXBuildFile; fileRef = BD189A179778DAE668398B45 /* Pods_Test_App.framework */; };
/* End PBXBuildFile section */

/* Begin PBXFileReference section */
		3BAE015A2174AF13000AAD5D /* Test-App.app */ = {isa = PBXFileReference; explicitFileType = wrapper.application; includeInIndex = 0; path = "Test-App.app"; sourceTree = BUILT_PRODUCTS_DIR; };
		3BAE015D2174AF13000AAD5D /* AppDelegate.swift */ = {isa = PBXFileReference; lastKnownFileType = sourcecode.swift; path = AppDelegate.swift; sourceTree = "<group>"; };
		3BAE015F2174AF13000AAD5D /* ViewController.swift */ = {isa = PBXFileReference; lastKnownFileType = sourcecode.swift; path = ViewController.swift; sourceTree = "<group>"; };
		3BAE01622174AF13000AAD5D /* Base */ = {isa = PBXFileReference; lastKnownFileType = file.storyboard; name = Base; path = Base.lproj/Main.storyboard; sourceTree = "<group>"; };
		3BAE01642174AF14000AAD5D /* Assets.xcassets */ = {isa = PBXFileReference; lastKnownFileType = folder.assetcatalog; path = Assets.xcassets; sourceTree = "<group>"; };
		3BAE01672174AF14000AAD5D /* Base */ = {isa = PBXFileReference; lastKnownFileType = file.storyboard; name = Base; path = Base.lproj/LaunchScreen.storyboard; sourceTree = "<group>"; };
		3BAE01692174AF14000AAD5D /* Info.plist */ = {isa = PBXFileReference; lastKnownFileType = text.plist.xml; path = Info.plist; sourceTree = "<group>"; };
		3BAE01712174B89E000AAD5D /* ServerRequest.swift */ = {isa = PBXFileReference; lastKnownFileType = sourcecode.swift; path = ServerRequest.swift; sourceTree = "<group>"; };
		3BAE01732174B9D0000AAD5D /* UserRequest.swift */ = {isa = PBXFileReference; lastKnownFileType = sourcecode.swift; path = UserRequest.swift; sourceTree = "<group>"; };
		3BAE01772174BAA0000AAD5D /* UpdateUserRequest.swift */ = {isa = PBXFileReference; lastKnownFileType = sourcecode.swift; path = UpdateUserRequest.swift; sourceTree = "<group>"; };
		3BAE017A2174BB92000AAD5D /* User.swift */ = {isa = PBXFileReference; lastKnownFileType = sourcecode.swift; path = User.swift; sourceTree = "<group>"; };
		BD189A179778DAE668398B45 /* Pods_Test_App.framework */ = {isa = PBXFileReference; explicitFileType = wrapper.framework; includeInIndex = 0; path = Pods_Test_App.framework; sourceTree = BUILT_PRODUCTS_DIR; };
		DDA2D6FB7AE9A16BDA21DD3C /* Pods-Test-App.debug.xcconfig */ = {isa = PBXFileReference; includeInIndex = 1; lastKnownFileType = text.xcconfig; name = "Pods-Test-App.debug.xcconfig"; path = "Pods/Target Support Files/Pods-Test-App/Pods-Test-App.debug.xcconfig"; sourceTree = "<group>"; };
		FB164844707D1EB952351C90 /* Pods-Test-App.release.xcconfig */ = {isa = PBXFileReference; includeInIndex = 1; lastKnownFileType = text.xcconfig; name = "Pods-Test-App.release.xcconfig"; path = "Pods/Target Support Files/Pods-Test-App/Pods-Test-App.release.xcconfig"; sourceTree = "<group>"; };
/* End PBXFileReference section */

/* Begin PBXFrameworksBuildPhase section */
		3BAE01572174AF13000AAD5D /* Frameworks */ = {
			isa = PBXFrameworksBuildPhase;
			buildActionMask = 2147483647;
			files = (
				FBF57A1B9E0BB6C26E92E767 /* Pods_Test_App.framework in Frameworks */,
			);
			runOnlyForDeploymentPostprocessing = 0;
		};
/* End PBXFrameworksBuildPhase section */

/* Begin PBXGroup section */
		3BAE01512174AF13000AAD5D = {
			isa = PBXGroup;
			children = (
				3BAE015C2174AF13000AAD5D /* Test-App */,
				3BAE015B2174AF13000AAD5D /* Products */,
				A344EE9A4818D6F10963DAF9 /* Pods */,
				B58CEDF4D8E72C39E6CCDF0E /* Frameworks */,
			);
			sourceTree = "<group>";
		};
		3BAE015B2174AF13000AAD5D /* Products */ = {
			isa = PBXGroup;
			children = (
				3BAE015A2174AF13000AAD5D /* Test-App.app */,
			);
			name = Products;
			sourceTree = "<group>";
		};
		3BAE015C2174AF13000AAD5D /* Test-App */ = {
			isa = PBXGroup;
			children = (
				3BAE016F2174B873000AAD5D /* Data Layer */,
				3BAE015D2174AF13000AAD5D /* AppDelegate.swift */,
				3BAE015F2174AF13000AAD5D /* ViewController.swift */,
				3BAE01612174AF13000AAD5D /* Main.storyboard */,
				3BAE01642174AF14000AAD5D /* Assets.xcassets */,
				3BAE01662174AF14000AAD5D /* LaunchScreen.storyboard */,
				3BAE01692174AF14000AAD5D /* Info.plist */,
			);
			path = "Test-App";
			sourceTree = "<group>";
		};
		3BAE016F2174B873000AAD5D /* Data Layer */ = {
			isa = PBXGroup;
			children = (
				3BAE01702174B885000AAD5D /* Requests */,
				3BAE01792174BB81000AAD5D /* Model */,
			);
			path = "Data Layer";
			sourceTree = "<group>";
		};
		3BAE01702174B885000AAD5D /* Requests */ = {
			isa = PBXGroup;
			children = (
				3BAE01712174B89E000AAD5D /* ServerRequest.swift */,
				3BAE01732174B9D0000AAD5D /* UserRequest.swift */,
				3BAE01772174BAA0000AAD5D /* UpdateUserRequest.swift */,
			);
			path = Requests;
			sourceTree = "<group>";
		};
		3BAE01792174BB81000AAD5D /* Model */ = {
			isa = PBXGroup;
			children = (
				3BAE017A2174BB92000AAD5D /* User.swift */,
			);
			path = Model;
			sourceTree = "<group>";
		};
		A344EE9A4818D6F10963DAF9 /* Pods */ = {
			isa = PBXGroup;
			children = (
				DDA2D6FB7AE9A16BDA21DD3C /* Pods-Test-App.debug.xcconfig */,
				FB164844707D1EB952351C90 /* Pods-Test-App.release.xcconfig */,
			);
			name = Pods;
			sourceTree = "<group>";
		};
		B58CEDF4D8E72C39E6CCDF0E /* Frameworks */ = {
			isa = PBXGroup;
			children = (
				BD189A179778DAE668398B45 /* Pods_Test_App.framework */,
			);
			name = Frameworks;
			sourceTree = "<group>";
		};
/* End PBXGroup section */

/* Begin PBXNativeTarget section */
		3BAE01592174AF13000AAD5D /* Test-App */ = {
			isa = PBXNativeTarget;
			buildConfigurationList = 3BAE016C2174AF14000AAD5D /* Build configuration list for PBXNativeTarget "Test-App" */;
			buildPhases = (
				8A37AAC0E3ADBBF8B3E150D5 /* [CP] Check Pods Manifest.lock */,
				3BAE01562174AF13000AAD5D /* Sources */,
				3BAE01572174AF13000AAD5D /* Frameworks */,
				3BAE01582174AF13000AAD5D /* Resources */,
				D626BBF2934BDF237050D1DA /* [CP] Embed Pods Frameworks */,
			);
			buildRules = (
			);
			dependencies = (
			);
			name = "Test-App";
			productName = "Test-App";
			productReference = 3BAE015A2174AF13000AAD5D /* Test-App.app */;
			productType = "com.apple.product-type.application";
		};
/* End PBXNativeTarget section */

/* Begin PBXProject section */
		3BAE01522174AF13000AAD5D /* Project object */ = {
			isa = PBXProject;
			attributes = {
				LastSwiftUpdateCheck = 1000;
				LastUpgradeCheck = 1000;
				ORGANIZATIONNAME = "Yuriy Sokirko";
				TargetAttributes = {
					3BAE01592174AF13000AAD5D = {
						CreatedOnToolsVersion = 10.0;
					};
				};
			};
			buildConfigurationList = 3BAE01552174AF13000AAD5D /* Build configuration list for PBXProject "Test-App" */;
			compatibilityVersion = "Xcode 9.3";
			developmentRegion = en;
			hasScannedForEncodings = 0;
			knownRegions = (
				en,
				Base,
			);
			mainGroup = 3BAE01512174AF13000AAD5D;
			productRefGroup = 3BAE015B2174AF13000AAD5D /* Products */;
			projectDirPath = "";
			projectRoot = "";
			targets = (
				3BAE01592174AF13000AAD5D /* Test-App */,
			);
		};
/* End PBXProject section */

/* Begin PBXResourcesBuildPhase section */
		3BAE01582174AF13000AAD5D /* Resources */ = {
			isa = PBXResourcesBuildPhase;
			buildActionMask = 2147483647;
			files = (
				3BAE01682174AF14000AAD5D /* LaunchScreen.storyboard in Resources */,
				3BAE01652174AF14000AAD5D /* Assets.xcassets in Resources */,
				3BAE01632174AF13000AAD5D /* Main.storyboard in Resources */,
			);
			runOnlyForDeploymentPostprocessing = 0;
		};
/* End PBXResourcesBuildPhase section */

/* Begin PBXShellScriptBuildPhase section */
		8A37AAC0E3ADBBF8B3E150D5 /* [CP] Check Pods Manifest.lock */ = {
			isa = PBXShellScriptBuildPhase;
			buildActionMask = 2147483647;
			files = (
			);
			inputPaths = (
				"${PODS_PODFILE_DIR_PATH}/Podfile.lock",
				"${PODS_ROOT}/Manifest.lock",
			);
			name = "[CP] Check Pods Manifest.lock";
			outputPaths = (
				"$(DERIVED_FILE_DIR)/Pods-Test-App-checkManifestLockResult.txt",
			);
			runOnlyForDeploymentPostprocessing = 0;
			shellPath = /bin/sh;
			shellScript = "diff \"${PODS_PODFILE_DIR_PATH}/Podfile.lock\" \"${PODS_ROOT}/Manifest.lock\" > /dev/null\nif [ $? != 0 ] ; then\n    # print error to STDERR\n    echo \"error: The sandbox is not in sync with the Podfile.lock. Run 'pod install' or update your CocoaPods installation.\" >&2\n    exit 1\nfi\n# This output is used by Xcode 'outputs' to avoid re-running this script phase.\necho \"SUCCESS\" > \"${SCRIPT_OUTPUT_FILE_0}\"\n";
			showEnvVarsInLog = 0;
		};
		D626BBF2934BDF237050D1DA /* [CP] Embed Pods Frameworks */ = {
			isa = PBXShellScriptBuildPhase;
			buildActionMask = 2147483647;
			files = (
			);
			inputPaths = (
				"${SRCROOT}/Pods/Target Support Files/Pods-Test-App/Pods-Test-App-frameworks.sh",
				"${BUILT_PRODUCTS_DIR}/Alamofire/Alamofire.framework",
				"${BUILT_PRODUCTS_DIR}/IQKeyboardManagerSwift/IQKeyboardManagerSwift.framework",
				"${BUILT_PRODUCTS_DIR}/SDWebImage/SDWebImage.framework",
				"${BUILT_PRODUCTS_DIR}/SVProgressHUD/SVProgressHUD.framework",
			);
			name = "[CP] Embed Pods Frameworks";
			outputPaths = (
				"${TARGET_BUILD_DIR}/${FRAMEWORKS_FOLDER_PATH}/Alamofire.framework",
				"${TARGET_BUILD_DIR}/${FRAMEWORKS_FOLDER_PATH}/IQKeyboardManagerSwift.framework",
				"${TARGET_BUILD_DIR}/${FRAMEWORKS_FOLDER_PATH}/SDWebImage.framework",
				"${TARGET_BUILD_DIR}/${FRAMEWORKS_FOLDER_PATH}/SVProgressHUD.framework",
			);
			runOnlyForDeploymentPostprocessing = 0;
			shellPath = /bin/sh;
			shellScript = "\"${SRCROOT}/Pods/Target Support Files/Pods-Test-App/Pods-Test-App-frameworks.sh\"\n";
			showEnvVarsInLog = 0;
		};
/* End PBXShellScriptBuildPhase section */

/* Begin PBXSourcesBuildPhase section */
		3BAE01562174AF13000AAD5D /* Sources */ = {
			isa = PBXSourcesBuildPhase;
			buildActionMask = 2147483647;
			files = (
				3BAE01742174B9D0000AAD5D /* UserRequest.swift in Sources */,
				3BAE01722174B89E000AAD5D /* ServerRequest.swift in Sources */,
				3BAE017B2174BB92000AAD5D /* User.swift in Sources */,
				3BAE01602174AF13000AAD5D /* ViewController.swift in Sources */,
				3BAE01782174BAA0000AAD5D /* UpdateUserRequest.swift in Sources */,
				3BAE015E2174AF13000AAD5D /* AppDelegate.swift in Sources */,
			);
			runOnlyForDeploymentPostprocessing = 0;
		};
/* End PBXSourcesBuildPhase section */

/* Begin PBXVariantGroup section */
		3BAE01612174AF13000AAD5D /* Main.storyboard */ = {
			isa = PBXVariantGroup;
			children = (
				3BAE01622174AF13000AAD5D /* Base */,
			);
			name = Main.storyboard;
			sourceTree = "<group>";
		};
		3BAE01662174AF14000AAD5D /* LaunchScreen.storyboard */ = {
			isa = PBXVariantGroup;
			children = (
				3BAE01672174AF14000AAD5D /* Base */,
			);
			name = LaunchScreen.storyboard;
			sourceTree = "<group>";
		};
/* End PBXVariantGroup section */

/* Begin XCBuildConfiguration section */
		3BAE016A2174AF14000AAD5D /* Debug */ = {
			isa = XCBuildConfiguration;
			buildSettings = {
				ALWAYS_SEARCH_USER_PATHS = NO;
				CLANG_ANALYZER_NONNULL = YES;
				CLANG_ANALYZER_NUMBER_OBJECT_CONVERSION = YES_AGGRESSIVE;
				CLANG_CXX_LANGUAGE_STANDARD = "gnu++14";
				CLANG_CXX_LIBRARY = "libc++";
				CLANG_ENABLE_MODULES = YES;
				CLANG_ENABLE_OBJC_ARC = YES;
				CLANG_ENABLE_OBJC_WEAK = YES;
				CLANG_WARN_BLOCK_CAPTURE_AUTORELEASING = YES;
				CLANG_WARN_BOOL_CONVERSION = YES;
				CLANG_WARN_COMMA = YES;
				CLANG_WARN_CONSTANT_CONVERSION = YES;
				CLANG_WARN_DEPRECATED_OBJC_IMPLEMENTATIONS = YES;
				CLANG_WARN_DIRECT_OBJC_ISA_USAGE = YES_ERROR;
				CLANG_WARN_DOCUMENTATION_COMMENTS = YES;
				CLANG_WARN_EMPTY_BODY = YES;
				CLANG_WARN_ENUM_CONVERSION = YES;
				CLANG_WARN_INFINITE_RECURSION = YES;
				CLANG_WARN_INT_CONVERSION = YES;
				CLANG_WARN_NON_LITERAL_NULL_CONVERSION = YES;
				CLANG_WARN_OBJC_IMPLICIT_RETAIN_SELF = YES;
				CLANG_WARN_OBJC_LITERAL_CONVERSION = YES;
				CLANG_WARN_OBJC_ROOT_CLASS = YES_ERROR;
				CLANG_WARN_RANGE_LOOP_ANALYSIS = YES;
				CLANG_WARN_STRICT_PROTOTYPES = YES;
				CLANG_WARN_SUSPICIOUS_MOVE = YES;
				CLANG_WARN_UNGUARDED_AVAILABILITY = YES_AGGRESSIVE;
				CLANG_WARN_UNREACHABLE_CODE = YES;
				CLANG_WARN__DUPLICATE_METHOD_MATCH = YES;
				CODE_SIGN_IDENTITY = "iPhone Developer";
				COPY_PHASE_STRIP = NO;
				DEBUG_INFORMATION_FORMAT = dwarf;
				ENABLE_STRICT_OBJC_MSGSEND = YES;
				ENABLE_TESTABILITY = YES;
				GCC_C_LANGUAGE_STANDARD = gnu11;
				GCC_DYNAMIC_NO_PIC = NO;
				GCC_NO_COMMON_BLOCKS = YES;
				GCC_OPTIMIZATION_LEVEL = 0;
				GCC_PREPROCESSOR_DEFINITIONS = (
					"DEBUG=1",
					"$(inherited)",
				);
				GCC_WARN_64_TO_32_BIT_CONVERSION = YES;
				GCC_WARN_ABOUT_RETURN_TYPE = YES_ERROR;
				GCC_WARN_UNDECLARED_SELECTOR = YES;
				GCC_WARN_UNINITIALIZED_AUTOS = YES_AGGRESSIVE;
				GCC_WARN_UNUSED_FUNCTION = YES;
				GCC_WARN_UNUSED_VARIABLE = YES;
				IPHONEOS_DEPLOYMENT_TARGET = 12.0;
				MTL_ENABLE_DEBUG_INFO = INCLUDE_SOURCE;
				MTL_FAST_MATH = YES;
				ONLY_ACTIVE_ARCH = YES;
				SDKROOT = iphoneos;
				SWIFT_ACTIVE_COMPILATION_CONDITIONS = DEBUG;
				SWIFT_OPTIMIZATION_LEVEL = "-Onone";
			};
			name = Debug;
		};
		3BAE016B2174AF14000AAD5D /* Release */ = {
			isa = XCBuildConfiguration;
			buildSettings = {
				ALWAYS_SEARCH_USER_PATHS = NO;
				CLANG_ANALYZER_NONNULL = YES;
				CLANG_ANALYZER_NUMBER_OBJECT_CONVERSION = YES_AGGRESSIVE;
				CLANG_CXX_LANGUAGE_STANDARD = "gnu++14";
				CLANG_CXX_LIBRARY = "libc++";
				CLANG_ENABLE_MODULES = YES;
				CLANG_ENABLE_OBJC_ARC = YES;
				CLANG_ENABLE_OBJC_WEAK = YES;
				CLANG_WARN_BLOCK_CAPTURE_AUTORELEASING = YES;
				CLANG_WARN_BOOL_CONVERSION = YES;
				CLANG_WARN_COMMA = YES;
				CLANG_WARN_CONSTANT_CONVERSION = YES;
				CLANG_WARN_DEPRECATED_OBJC_IMPLEMENTATIONS = YES;
				CLANG_WARN_DIRECT_OBJC_ISA_USAGE = YES_ERROR;
				CLANG_WARN_DOCUMENTATION_COMMENTS = YES;
				CLANG_WARN_EMPTY_BODY = YES;
				CLANG_WARN_ENUM_CONVERSION = YES;
				CLANG_WARN_INFINITE_RECURSION = YES;
				CLANG_WARN_INT_CONVERSION = YES;
				CLANG_WARN_NON_LITERAL_NULL_CONVERSION = YES;
				CLANG_WARN_OBJC_IMPLICIT_RETAIN_SELF = YES;
				CLANG_WARN_OBJC_LITERAL_CONVERSION = YES;
				CLANG_WARN_OBJC_ROOT_CLASS = YES_ERROR;
				CLANG_WARN_RANGE_LOOP_ANALYSIS = YES;
				CLANG_WARN_STRICT_PROTOTYPES = YES;
				CLANG_WARN_SUSPICIOUS_MOVE = YES;
				CLANG_WARN_UNGUARDED_AVAILABILITY = YES_AGGRESSIVE;
				CLANG_WARN_UNREACHABLE_CODE = YES;
				CLANG_WARN__DUPLICATE_METHOD_MATCH = YES;
				CODE_SIGN_IDENTITY = "iPhone Developer";
				COPY_PHASE_STRIP = NO;
				DEBUG_INFORMATION_FORMAT = "dwarf-with-dsym";
				ENABLE_NS_ASSERTIONS = NO;
				ENABLE_STRICT_OBJC_MSGSEND = YES;
				GCC_C_LANGUAGE_STANDARD = gnu11;
				GCC_NO_COMMON_BLOCKS = YES;
				GCC_WARN_64_TO_32_BIT_CONVERSION = YES;
				GCC_WARN_ABOUT_RETURN_TYPE = YES_ERROR;
				GCC_WARN_UNDECLARED_SELECTOR = YES;
				GCC_WARN_UNINITIALIZED_AUTOS = YES_AGGRESSIVE;
				GCC_WARN_UNUSED_FUNCTION = YES;
				GCC_WARN_UNUSED_VARIABLE = YES;
				IPHONEOS_DEPLOYMENT_TARGET = 12.0;
				MTL_ENABLE_DEBUG_INFO = NO;
				MTL_FAST_MATH = YES;
				SDKROOT = iphoneos;
				SWIFT_COMPILATION_MODE = wholemodule;
				SWIFT_OPTIMIZATION_LEVEL = "-O";
				VALIDATE_PRODUCT = YES;
			};
			name = Release;
		};
		3BAE016D2174AF14000AAD5D /* Debug */ = {
			isa = XCBuildConfiguration;
			baseConfigurationReference = DDA2D6FB7AE9A16BDA21DD3C /* Pods-Test-App.debug.xcconfig */;
			buildSettings = {
				ASSETCATALOG_COMPILER_APPICON_NAME = AppIcon;
				CODE_SIGN_STYLE = Automatic;
				DEVELOPMENT_TEAM = GK24NL74NK;
				INFOPLIST_FILE = "Test-App/Info.plist";
				LD_RUNPATH_SEARCH_PATHS = (
					"$(inherited)",
					"@executable_path/Frameworks",
				);
				PRODUCT_BUNDLE_IDENTIFIER = "com.test-app.Test-App";
				PRODUCT_NAME = "$(TARGET_NAME)";
				SWIFT_VERSION = 4.2;
				TARGETED_DEVICE_FAMILY = "1,2";
			};
			name = Debug;
		};
		3BAE016E2174AF14000AAD5D /* Release */ = {
			isa = XCBuildConfiguration;
			baseConfigurationReference = FB164844707D1EB952351C90 /* Pods-Test-App.release.xcconfig */;
			buildSettings = {
				ASSETCATALOG_COMPILER_APPICON_NAME = AppIcon;
				CODE_SIGN_STYLE = Automatic;
				DEVELOPMENT_TEAM = GK24NL74NK;
				INFOPLIST_FILE = "Test-App/Info.plist";
				LD_RUNPATH_SEARCH_PATHS = (
					"$(inherited)",
					"@executable_path/Frameworks",
				);
				PRODUCT_BUNDLE_IDENTIFIER = "com.test-app.Test-App";
				PRODUCT_NAME = "$(TARGET_NAME)";
				SWIFT_VERSION = 4.2;
				TARGETED_DEVICE_FAMILY = "1,2";
			};
			name = Release;
		};
/* End XCBuildConfiguration section */

/* Begin XCConfigurationList section */
		3BAE01552174AF13000AAD5D /* Build configuration list for PBXProject "Test-App" */ = {
			isa = XCConfigurationList;
			buildConfigurations = (
				3BAE016A2174AF14000AAD5D /* Debug */,
				3BAE016B2174AF14000AAD5D /* Release */,
			);
			defaultConfigurationIsVisible = 0;
			defaultConfigurationName = Release;
		};
		3BAE016C2174AF14000AAD5D /* Build configuration list for PBXNativeTarget "Test-App" */ = {
			isa = XCConfigurationList;
			buildConfigurations = (
				3BAE016D2174AF14000AAD5D /* Debug */,
				3BAE016E2174AF14000AAD5D /* Release */,
			);
			defaultConfigurationIsVisible = 0;
			defaultConfigurationName = Release;
		};
/* End XCConfigurationList section */
	};
	rootObject = 3BAE01522174AF13000AAD5D /* Project object */;
}
